
Microsoft Visual Studio Solution File, Format Version 12.00
# Visual Studio Version 17
VisualStudioVersion = 17.6.33829.357
MinimumVisualStudioVersion = 10.0.40219.1
Project("{9A19103F-16F7-4668-BE54-9A1E7A4F7556}") = "csc", "csc\csc.csproj", "{ABC1159A-6168-4CDA-8916-7BB0DF78EB57}"
EndProject
Project("{54435603-DBB4-11D2-8724-00A0C9A8B90C}") = "Setup_csc", "Setup_csc\Setup_csc.vdproj", "{4701C59E-B759-4202-AA91-6028EB5011BE}"
EndProject
Global
	GlobalSection(SolutionConfigurationPlatforms) = preSolution
		Debug|Any CPU = Debug|Any CPU
		Debug|x64 = Debug|x64
		Release|Any CPU = Release|Any CPU
		Release|x64 = Release|x64
	EndGlobalSection
	GlobalSection(ProjectConfigurationPlatforms) = postSolution
		{ABC1159A-6168-4CDA-8916-7BB0DF78EB57}.Debug|Any CPU.ActiveCfg = Debug|Any CPU
		{ABC1159A-6168-4CDA-8916-7BB0DF78EB57}.Debug|Any CPU.Build.0 = Debug|Any CPU
		{ABC1159A-6168-4CDA-8916-7BB0DF78EB57}.Debug|x64.ActiveCfg = Debug|Any CPU
		{ABC1159A-6168-4CDA-8916-7BB0DF78EB57}.Debug|x64.Build.0 = Debug|Any CPU
		{ABC1159A-6168-4CDA-8916-7BB0DF78EB57}.Release|Any CPU.ActiveCfg = Release|Any CPU
		{ABC1159A-6168-4CDA-8916-7BB0DF78EB57}.Release|Any CPU.Build.0 = Release|Any CPU
		{ABC1159A-6168-4CDA-8916-7BB0DF78EB57}.Release|x64.ActiveCfg = Release|Any CPU
		{ABC1159A-6168-4CDA-8916-7BB0DF78EB57}.Release|x64.Build.0 = Release|Any CPU
		{4701C59E-B759-4202-AA91-6028EB5011BE}.Debug|Any CPU.ActiveCfg = Debug
		{4701C59E-B759-4202-AA91-6028EB5011BE}.Debug|x64.ActiveCfg = Debug
		{4701C59E-B759-4202-AA91-6028EB5011BE}.Release|Any CPU.ActiveCfg = Release
		{4701C59E-B759-4202-AA91-6028EB5011BE}.Release|x64.ActiveCfg = Release
	EndGlobalSection
	GlobalSection(SolutionProperties) = preSolution
		HideSolutionNode = FALSE
	EndGlobalSection
	GlobalSection(ExtensibilityGlobals) = postSolution
		SolutionGuid = {2DF77E38-91C3-4D26-9EB0-7F20FE0CE1AE}
	EndGlobalSection
EndGlobal
